PODS:
  - Alamofire (4.5.0)
  - FlyveMDMInventory (1.1.0)

DEPENDENCIES:
  - Alamofire (~> 4.5)
  - FlyveMDMInventory (~> 1.1)

SPEC CHECKSUMS:
  Alamofire: f28cdffd29de33a7bfa022cbd63ae95a27fae140
  FlyveMDMInventory: e1b343fad8b30f73125668517105832a8e45176b

PODFILE CHECKSUM: 7c22d45a49f5aa2e3b1eef0dd56bc89f1bb72a77

COCOAPODS: 1.2.1
