// !$*UTF8*$!
{
	archiveVersion = 1;
	classes = {
	};
	objectVersion = 46;
	objects = {

/* Begin PBXBuildFile section */
		0AC9F6521F10342600A66DE8 /* AgentSettingsController.swift in Sources */ = {isa = PBXBuildFile; fileRef = 0AC9F64D1F10342600A66DE8 /* AgentSettingsController.swift */; };
		0AC9F6531F10342600A66DE8 /* GlobalSettingsController.swift in Sources */ = {isa = PBXBuildFile; fileRef = 0AC9F64F1F10342600A66DE8 /* GlobalSettingsController.swift */; };
		0AC9F6541F10342600A66DE8 /* Localizable.plist in Resources */ = {isa = PBXBuildFile; fileRef = 0AC9F6501F10342600A66DE8 /* Localizable.plist */; };
		0AC9F6551F10342600A66DE8 /* Localizator.swift in Sources */ = {isa = PBXBuildFile; fileRef = 0AC9F6511F10342600A66DE8 /* Localizator.swift */; };
		0AEB1ED01F10317F00F18217 /* AppDelegate.swift in Sources */ = {isa = PBXBuildFile; fileRef = 0AEB1ECF1F10317F00F18217 /* AppDelegate.swift */; };
		0AEB1ED71F10317F00F18217 /* Assets.xcassets in Resources */ = {isa = PBXBuildFile; fileRef = 0AEB1ED61F10317F00F18217 /* Assets.xcassets */; };
		0AEB1EE51F10317F00F18217 /* FlyveMDMInventoryAgentTests.swift in Sources */ = {isa = PBXBuildFile; fileRef = 0AEB1EE41F10317F00F18217 /* FlyveMDMInventoryAgentTests.swift */; };
		0AEB1EF01F10317F00F18217 /* FlyveMDMInventoryAgentUITests.swift in Sources */ = {isa = PBXBuildFile; fileRef = 0AEB1EEF1F10317F00F18217 /* FlyveMDMInventoryAgentUITests.swift */; };
		4729E178735A2932C88C6F99 /* Pods_FlyveMDMInventoryAgentTests.framework in Frameworks */ = {isa = PBXBuildFile; fileRef = E0306BFDB6C7BF3B0A1FB8A8 /* Pods_FlyveMDMInventoryAgentTests.framework */; };
		F043C0396234B04DE5C74C1F /* Pods_FlyveMDMInventoryAgentUITests.framework in Frameworks */ = {isa = PBXBuildFile; fileRef = EB44EF50B059D2AB14293936 /* Pods_FlyveMDMInventoryAgentUITests.framework */; };
		F10C7200A00D7A1246DBB6BB /* Pods_FlyveMDMInventoryAgent.framework in Frameworks */ = {isa = PBXBuildFile; fileRef = 9B03E657C20C27B400956246 /* Pods_FlyveMDMInventoryAgent.framework */; };
/* End PBXBuildFile section */

/* Begin PBXContainerItemProxy section */
		0AEB1EE11F10317F00F18217 /* PBXContainerItemProxy */ = {
			isa = PBXContainerItemProxy;
			containerPortal = 0AEB1EC41F10317F00F18217 /* Project object */;
			proxyType = 1;
			remoteGlobalIDString = 0AEB1ECB1F10317F00F18217;
			remoteInfo = FlyveMDMInventoryAgent;
		};
		0AEB1EEC1F10317F00F18217 /* PBXContainerItemProxy */ = {
			isa = PBXContainerItemProxy;
			containerPortal = 0AEB1EC41F10317F00F18217 /* Project object */;
			proxyType = 1;
			remoteGlobalIDString = 0AEB1ECB1F10317F00F18217;
			remoteInfo = FlyveMDMInventoryAgent;
		};
/* End PBXContainerItemProxy section */

/* Begin PBXFileReference section */
		0AC9F64D1F10342600A66DE8 /* AgentSettingsController.swift */ = {isa = PBXFileReference; fileEncoding = 4; lastKnownFileType = sourcecode.swift; path = AgentSettingsController.swift; sourceTree = "<group>"; };
		0AC9F64E1F10342600A66DE8 /* FlyveMDMInventoryAgent-Bridging-Header.h */ = {isa = PBXFileReference; fileEncoding = 4; lastKnownFileType = sourcecode.c.h; name = "FlyveMDMInventoryAgent-Bridging-Header.h"; path = "FlyveMDMInventoryAgent/FlyveMDMInventoryAgent-Bridging-Header.h"; sourceTree = "<group>"; };
		0AC9F64F1F10342600A66DE8 /* GlobalSettingsController.swift */ = {isa = PBXFileReference; fileEncoding = 4; lastKnownFileType = sourcecode.swift; path = GlobalSettingsController.swift; sourceTree = "<group>"; };
		0AC9F6501F10342600A66DE8 /* Localizable.plist */ = {isa = PBXFileReference; fileEncoding = 4; lastKnownFileType = text.plist.xml; path = Localizable.plist; sourceTree = "<group>"; };
		0AC9F6511F10342600A66DE8 /* Localizator.swift */ = {isa = PBXFileReference; fileEncoding = 4; lastKnownFileType = sourcecode.swift; path = Localizator.swift; sourceTree = "<group>"; };
		0AEB1ECC1F10317F00F18217 /* FlyveMDMInventoryAgent.app */ = {isa = PBXFileReference; explicitFileType = wrapper.application; includeInIndex = 0; path = FlyveMDMInventoryAgent.app; sourceTree = BUILT_PRODUCTS_DIR; };
		0AEB1ECF1F10317F00F18217 /* AppDelegate.swift */ = {isa = PBXFileReference; lastKnownFileType = sourcecode.swift; path = AppDelegate.swift; sourceTree = "<group>"; };
		0AEB1ED61F10317F00F18217 /* Assets.xcassets */ = {isa = PBXFileReference; lastKnownFileType = folder.assetcatalog; name = Assets.xcassets; path = FlyveMDMInventoryAgent/Assets.xcassets; sourceTree = "<group>"; };
		0AEB1EDB1F10317F00F18217 /* Info.plist */ = {isa = PBXFileReference; lastKnownFileType = text.plist.xml; path = Info.plist; sourceTree = "<group>"; };
		0AEB1EE01F10317F00F18217 /* FlyveMDMInventoryAgentTests.xctest */ = {isa = PBXFileReference; explicitFileType = wrapper.cfbundle; includeInIndex = 0; path = FlyveMDMInventoryAgentTests.xctest; sourceTree = BUILT_PRODUCTS_DIR; };
		0AEB1EE41F10317F00F18217 /* FlyveMDMInventoryAgentTests.swift */ = {isa = PBXFileReference; lastKnownFileType = sourcecode.swift; path = FlyveMDMInventoryAgentTests.swift; sourceTree = "<group>"; };
		0AEB1EE61F10317F00F18217 /* Info.plist */ = {isa = PBXFileReference; lastKnownFileType = text.plist.xml; path = Info.plist; sourceTree = "<group>"; };
		0AEB1EEB1F10317F00F18217 /* FlyveMDMInventoryAgentUITests.xctest */ = {isa = PBXFileReference; explicitFileType = wrapper.cfbundle; includeInIndex = 0; path = FlyveMDMInventoryAgentUITests.xctest; sourceTree = BUILT_PRODUCTS_DIR; };
		0AEB1EEF1F10317F00F18217 /* FlyveMDMInventoryAgentUITests.swift */ = {isa = PBXFileReference; lastKnownFileType = sourcecode.swift; path = FlyveMDMInventoryAgentUITests.swift; sourceTree = "<group>"; };
		0AEB1EF11F10317F00F18217 /* Info.plist */ = {isa = PBXFileReference; lastKnownFileType = text.plist.xml; path = Info.plist; sourceTree = "<group>"; };
		673B72F5F327AB6823D07D89 /* Pods-FlyveMDMInventoryAgentTests.debug.xcconfig */ = {isa = PBXFileReference; includeInIndex = 1; lastKnownFileType = text.xcconfig; name = "Pods-FlyveMDMInventoryAgentTests.debug.xcconfig"; path = "Pods/Target Support Files/Pods-FlyveMDMInventoryAgentTests/Pods-FlyveMDMInventoryAgentTests.debug.xcconfig"; sourceTree = "<group>"; };
		8F9D330769AB62C6396204B3 /* Pods-FlyveMDMInventoryAgentUITests.release.xcconfig */ = {isa = PBXFileReference; includeInIndex = 1; lastKnownFileType = text.xcconfig; name = "Pods-FlyveMDMInventoryAgentUITests.release.xcconfig"; path = "Pods/Target Support Files/Pods-FlyveMDMInventoryAgentUITests/Pods-FlyveMDMInventoryAgentUITests.release.xcconfig"; sourceTree = "<group>"; };
		9B03E657C20C27B400956246 /* Pods_FlyveMDMInventoryAgent.framework */ = {isa = PBXFileReference; explicitFileType = wrapper.framework; includeInIndex = 0; path = Pods_FlyveMDMInventoryAgent.framework; sourceTree = BUILT_PRODUCTS_DIR; };
		B33C599B8A4040720CB11B85 /* Pods-FlyveMDMInventoryAgentTests.release.xcconfig */ = {isa = PBXFileReference; includeInIndex = 1; lastKnownFileType = text.xcconfig; name = "Pods-FlyveMDMInventoryAgentTests.release.xcconfig"; path = "Pods/Target Support Files/Pods-FlyveMDMInventoryAgentTests/Pods-FlyveMDMInventoryAgentTests.release.xcconfig"; sourceTree = "<group>"; };
		E0306BFDB6C7BF3B0A1FB8A8 /* Pods_FlyveMDMInventoryAgentTests.framework */ = {isa = PBXFileReference; explicitFileType = wrapper.framework; includeInIndex = 0; path = Pods_FlyveMDMInventoryAgentTests.framework; sourceTree = BUILT_PRODUCTS_DIR; };
		E04B8B65BF4FC4E83B80BC67 /* Pods-FlyveMDMInventoryAgent.debug.xcconfig */ = {isa = PBXFileReference; includeInIndex = 1; lastKnownFileType = text.xcconfig; name = "Pods-FlyveMDMInventoryAgent.debug.xcconfig"; path = "Pods/Target Support Files/Pods-FlyveMDMInventoryAgent/Pods-FlyveMDMInventoryAgent.debug.xcconfig"; sourceTree = "<group>"; };
		EB44EF50B059D2AB14293936 /* Pods_FlyveMDMInventoryAgentUITests.framework */ = {isa = PBXFileReference; explicitFileType = wrapper.framework; includeInIndex = 0; path = Pods_FlyveMDMInventoryAgentUITests.framework; sourceTree = BUILT_PRODUCTS_DIR; };
		F46A2FC618C1AD93B805CC98 /* Pods-FlyveMDMInventoryAgentUITests.debug.xcconfig */ = {isa = PBXFileReference; includeInIndex = 1; lastKnownFileType = text.xcconfig; name = "Pods-FlyveMDMInventoryAgentUITests.debug.xcconfig"; path = "Pods/Target Support Files/Pods-FlyveMDMInventoryAgentUITests/Pods-FlyveMDMInventoryAgentUITests.debug.xcconfig"; sourceTree = "<group>"; };
		F8B48CDB5BBFC1FE554C1BC6 /* Pods-FlyveMDMInventoryAgent.release.xcconfig */ = {isa = PBXFileReference; includeInIndex = 1; lastKnownFileType = text.xcconfig; name = "Pods-FlyveMDMInventoryAgent.release.xcconfig"; path = "Pods/Target Support Files/Pods-FlyveMDMInventoryAgent/Pods-FlyveMDMInventoryAgent.release.xcconfig"; sourceTree = "<group>"; };
/* End PBXFileReference section */

/* Begin PBXFrameworksBuildPhase section */
		0AEB1EC91F10317F00F18217 /* Frameworks */ = {
			isa = PBXFrameworksBuildPhase;
			buildActionMask = 2147483647;
			files = (
				F10C7200A00D7A1246DBB6BB /* Pods_FlyveMDMInventoryAgent.framework in Frameworks */,
			);
			runOnlyForDeploymentPostprocessing = 0;
		};
		0AEB1EDD1F10317F00F18217 /* Frameworks */ = {
			isa = PBXFrameworksBuildPhase;
			buildActionMask = 2147483647;
			files = (
				4729E178735A2932C88C6F99 /* Pods_FlyveMDMInventoryAgentTests.framework in Frameworks */,
			);
			runOnlyForDeploymentPostprocessing = 0;
		};
		0AEB1EE81F10317F00F18217 /* Frameworks */ = {
			isa = PBXFrameworksBuildPhase;
			buildActionMask = 2147483647;
			files = (
				F043C0396234B04DE5C74C1F /* Pods_FlyveMDMInventoryAgentUITests.framework in Frameworks */,
			);
			runOnlyForDeploymentPostprocessing = 0;
		};
/* End PBXFrameworksBuildPhase section */

/* Begin PBXGroup section */
		0AEB1EC31F10317F00F18217 = {
			isa = PBXGroup;
			children = (
				0AC9F64E1F10342600A66DE8 /* FlyveMDMInventoryAgent-Bridging-Header.h */,
				0AEB1ED61F10317F00F18217 /* Assets.xcassets */,
				0AEB1ECE1F10317F00F18217 /* FlyveMDMInventoryAgent */,
				0AEB1EE31F10317F00F18217 /* FlyveMDMInventoryAgentTests */,
				0AEB1EEE1F10317F00F18217 /* FlyveMDMInventoryAgentUITests */,
				0AEB1ECD1F10317F00F18217 /* Products */,
				5F9E5B308CFAEE266AD35154 /* Pods */,
				367B151B8E94CD9DDAD3C643 /* Frameworks */,
			);
			sourceTree = "<group>";
		};
		0AEB1ECD1F10317F00F18217 /* Products */ = {
			isa = PBXGroup;
			children = (
				0AEB1ECC1F10317F00F18217 /* FlyveMDMInventoryAgent.app */,
				0AEB1EE01F10317F00F18217 /* FlyveMDMInventoryAgentTests.xctest */,
				0AEB1EEB1F10317F00F18217 /* FlyveMDMInventoryAgentUITests.xctest */,
			);
			name = Products;
			sourceTree = "<group>";
		};
		0AEB1ECE1F10317F00F18217 /* FlyveMDMInventoryAgent */ = {
			isa = PBXGroup;
			children = (
				0AC9F64D1F10342600A66DE8 /* AgentSettingsController.swift */,
				0AC9F64F1F10342600A66DE8 /* GlobalSettingsController.swift */,
				0AC9F6501F10342600A66DE8 /* Localizable.plist */,
				0AC9F6511F10342600A66DE8 /* Localizator.swift */,
				0AEB1ECF1F10317F00F18217 /* AppDelegate.swift */,
				0AEB1EDB1F10317F00F18217 /* Info.plist */,
			);
			path = FlyveMDMInventoryAgent;
			sourceTree = "<group>";
		};
		0AEB1EE31F10317F00F18217 /* FlyveMDMInventoryAgentTests */ = {
			isa = PBXGroup;
			children = (
				0AEB1EE41F10317F00F18217 /* FlyveMDMInventoryAgentTests.swift */,
				0AEB1EE61F10317F00F18217 /* Info.plist */,
			);
			path = FlyveMDMInventoryAgentTests;
			sourceTree = "<group>";
		};
		0AEB1EEE1F10317F00F18217 /* FlyveMDMInventoryAgentUITests */ = {
			isa = PBXGroup;
			children = (
				0AEB1EEF1F10317F00F18217 /* FlyveMDMInventoryAgentUITests.swift */,
				0AEB1EF11F10317F00F18217 /* Info.plist */,
			);
			path = FlyveMDMInventoryAgentUITests;
			sourceTree = "<group>";
		};
		367B151B8E94CD9DDAD3C643 /* Frameworks */ = {
			isa = PBXGroup;
			children = (
				9B03E657C20C27B400956246 /* Pods_FlyveMDMInventoryAgent.framework */,
				E0306BFDB6C7BF3B0A1FB8A8 /* Pods_FlyveMDMInventoryAgentTests.framework */,
				EB44EF50B059D2AB14293936 /* Pods_FlyveMDMInventoryAgentUITests.framework */,
			);
			name = Frameworks;
			sourceTree = "<group>";
		};
		5F9E5B308CFAEE266AD35154 /* Pods */ = {
			isa = PBXGroup;
			children = (
				E04B8B65BF4FC4E83B80BC67 /* Pods-FlyveMDMInventoryAgent.debug.xcconfig */,
				F8B48CDB5BBFC1FE554C1BC6 /* Pods-FlyveMDMInventoryAgent.release.xcconfig */,
				673B72F5F327AB6823D07D89 /* Pods-FlyveMDMInventoryAgentTests.debug.xcconfig */,
				B33C599B8A4040720CB11B85 /* Pods-FlyveMDMInventoryAgentTests.release.xcconfig */,
				F46A2FC618C1AD93B805CC98 /* Pods-FlyveMDMInventoryAgentUITests.debug.xcconfig */,
				8F9D330769AB62C6396204B3 /* Pods-FlyveMDMInventoryAgentUITests.release.xcconfig */,
			);
			name = Pods;
			sourceTree = "<group>";
		};
/* End PBXGroup section */

/* Begin PBXNativeTarget section */
		0AEB1ECB1F10317F00F18217 /* FlyveMDMInventoryAgent */ = {
			isa = PBXNativeTarget;
			buildConfigurationList = 0AEB1EF41F10317F00F18217 /* Build configuration list for PBXNativeTarget "FlyveMDMInventoryAgent" */;
			buildPhases = (
				4D9A3FA139636E46E9B3F29F /* [CP] Check Pods Manifest.lock */,
				0AEB1EC81F10317F00F18217 /* Sources */,
				0AEB1EC91F10317F00F18217 /* Frameworks */,
				0AEB1ECA1F10317F00F18217 /* Resources */,
				F3E69B48C8FE9C98D6413924 /* [CP] Embed Pods Frameworks */,
				02AB121BF0588378BF7020CA /* [CP] Copy Pods Resources */,
				0AC9F6561F10345C00A66DE8 /* ShellScript */,
			);
			buildRules = (
			);
			dependencies = (
			);
			name = FlyveMDMInventoryAgent;
			productName = FlyveMDMInventoryAgent;
			productReference = 0AEB1ECC1F10317F00F18217 /* FlyveMDMInventoryAgent.app */;
			productType = "com.apple.product-type.application";
		};
		0AEB1EDF1F10317F00F18217 /* FlyveMDMInventoryAgentTests */ = {
			isa = PBXNativeTarget;
			buildConfigurationList = 0AEB1EF71F10317F00F18217 /* Build configuration list for PBXNativeTarget "FlyveMDMInventoryAgentTests" */;
			buildPhases = (
				E37DA3F844AA0AFD7A21B423 /* [CP] Embed Pods Frameworks */,
				0AEB1EDC1F10317F00F18217 /* Sources */,
				0AEB1EDD1F10317F00F18217 /* Frameworks */,
				0AEB1EDE1F10317F00F18217 /* Resources */,
				73711ACF70A04655FD8AC019 /* [CP] Embed Pods Frameworks */,
				6D34A89AF9A89E4A00317EA0 /* [CP] Embed Pods Frameworks */,
			);
			buildRules = (
			);
			dependencies = (
				0AEB1EE21F10317F00F18217 /* PBXTargetDependency */,
			);
			name = FlyveMDMInventoryAgentTests;
			productName = FlyveMDMInventoryAgentTests;
			productReference = 0AEB1EE01F10317F00F18217 /* FlyveMDMInventoryAgentTests.xctest */;
			productType = "com.apple.product-type.bundle.unit-test";
		};
		0AEB1EEA1F10317F00F18217 /* FlyveMDMInventoryAgentUITests */ = {
			isa = PBXNativeTarget;
			buildConfigurationList = 0AEB1EFA1F10317F00F18217 /* Build configuration list for PBXNativeTarget "FlyveMDMInventoryAgentUITests" */;
			buildPhases = (
				68E868708D41B6E5BE279A8C /* [CP] Copy Pods Resources */,
				0AEB1EE71F10317F00F18217 /* Sources */,
				0AEB1EE81F10317F00F18217 /* Frameworks */,
				0AEB1EE91F10317F00F18217 /* Resources */,
				A7568F0D2309F1B1BDBF7FC7 /* [CP] Check Pods Manifest.lock */,
				799F19A110484CC831BE7657 /* [CP] Embed Pods Frameworks */,
			);
			buildRules = (
			);
			dependencies = (
				0AEB1EED1F10317F00F18217 /* PBXTargetDependency */,
			);
			name = FlyveMDMInventoryAgentUITests;
			productName = FlyveMDMInventoryAgentUITests;
			productReference = 0AEB1EEB1F10317F00F18217 /* FlyveMDMInventoryAgentUITests.xctest */;
			productType = "com.apple.product-type.bundle.ui-testing";
		};
/* End PBXNativeTarget section */

/* Begin PBXProject section */
		0AEB1EC41F10317F00F18217 /* Project object */ = {
			isa = PBXProject;
			attributes = {
				LastSwiftUpdateCheck = 0830;
				LastUpgradeCheck = 0830;
				ORGANIZATIONNAME = Teclib;
				TargetAttributes = {
					0AEB1ECB1F10317F00F18217 = {
						CreatedOnToolsVersion = 8.3.3;
						DevelopmentTeam = H7XJV96LX2;
						ProvisioningStyle = Manual;
						SystemCapabilities = {
							com.apple.BackgroundModes = {
								enabled = 0;
							};
						};
					};
					0AEB1EDF1F10317F00F18217 = {
						CreatedOnToolsVersion = 8.3.3;
						DevelopmentTeam = H7XJV96LX2;
						ProvisioningStyle = Automatic;
						TestTargetID = 0AEB1ECB1F10317F00F18217;
					};
					0AEB1EEA1F10317F00F18217 = {
						CreatedOnToolsVersion = 8.3.3;
						DevelopmentTeam = H7XJV96LX2;
						ProvisioningStyle = Automatic;
						TestTargetID = 0AEB1ECB1F10317F00F18217;
					};
				};
			};
			buildConfigurationList = 0AEB1EC71F10317F00F18217 /* Build configuration list for PBXProject "FlyveMDMInventoryAgent" */;
			compatibilityVersion = "Xcode 3.2";
			developmentRegion = English;
			hasScannedForEncodings = 0;
			knownRegions = (
				en,
				Base,
			);
			mainGroup = 0AEB1EC31F10317F00F18217;
			productRefGroup = 0AEB1ECD1F10317F00F18217 /* Products */;
			projectDirPath = "";
			projectRoot = "";
			targets = (
				0AEB1ECB1F10317F00F18217 /* FlyveMDMInventoryAgent */,
				0AEB1EDF1F10317F00F18217 /* FlyveMDMInventoryAgentTests */,
				0AEB1EEA1F10317F00F18217 /* FlyveMDMInventoryAgentUITests */,
			);
		};
/* End PBXProject section */

/* Begin PBXResourcesBuildPhase section */
		0AEB1ECA1F10317F00F18217 /* Resources */ = {
			isa = PBXResourcesBuildPhase;
			buildActionMask = 2147483647;
			files = (
				0AEB1ED71F10317F00F18217 /* Assets.xcassets in Resources */,
				0AC9F6541F10342600A66DE8 /* Localizable.plist in Resources */,
			);
			runOnlyForDeploymentPostprocessing = 0;
		};
		0AEB1EDE1F10317F00F18217 /* Resources */ = {
			isa = PBXResourcesBuildPhase;
			buildActionMask = 2147483647;
			files = (
			);
			runOnlyForDeploymentPostprocessing = 0;
		};
		0AEB1EE91F10317F00F18217 /* Resources */ = {
			isa = PBXResourcesBuildPhase;
			buildActionMask = 2147483647;
			files = (
			);
			runOnlyForDeploymentPostprocessing = 0;
		};
/* End PBXResourcesBuildPhase section */

/* Begin PBXShellScriptBuildPhase section */
		02AB121BF0588378BF7020CA /* [CP] Copy Pods Resources */ = {
			isa = PBXShellScriptBuildPhase;
			buildActionMask = 2147483647;
			files = (
			);
			inputPaths = (
			);
			name = "[CP] Copy Pods Resources";
			outputPaths = (
			);
			runOnlyForDeploymentPostprocessing = 0;
			shellPath = /bin/sh;
			shellScript = "\"${SRCROOT}/Pods/Target Support Files/Pods-FlyveMDMInventoryAgent/Pods-FlyveMDMInventoryAgent-resources.sh\"\n";
			showEnvVarsInLog = 0;
		};
		0AC9F6561F10345C00A66DE8 /* ShellScript */ = {
			isa = PBXShellScriptBuildPhase;
			buildActionMask = 2147483647;
			files = (
			);
			inputPaths = (
			);
			outputPaths = (
			);
			runOnlyForDeploymentPostprocessing = 0;
			shellPath = /bin/sh;
			shellScript = "if which swiftlint >/dev/null; then\nswiftlint\nelse\necho \"warning: SwiftLint not installed, download from https://github.com/realm/SwiftLint\"\nfi";
		};
		4D9A3FA139636E46E9B3F29F /* [CP] Check Pods Manifest.lock */ = {
			isa = PBXShellScriptBuildPhase;
			buildActionMask = 2147483647;
			files = (
			);
			inputPaths = (
			);
			name = "[CP] Check Pods Manifest.lock";
			outputPaths = (
			);
			runOnlyForDeploymentPostprocessing = 0;
			shellPath = /bin/sh;
			shellScript = "diff \"${PODS_PODFILE_DIR_PATH}/Podfile.lock\" \"${PODS_ROOT}/Manifest.lock\" > /dev/null\nif [ $? != 0 ] ; then\n    # print error to STDERR\n    echo \"error: The sandbox is not in sync with the Podfile.lock. Run 'pod install' or update your CocoaPods installation.\" >&2\n    exit 1\nfi\n";
			showEnvVarsInLog = 0;
		};
		68E868708D41B6E5BE279A8C /* [CP] Copy Pods Resources */ = {
			isa = PBXShellScriptBuildPhase;
			buildActionMask = 2147483647;
			files = (
			);
			inputPaths = (
			);
			name = "[CP] Copy Pods Resources";
			outputPaths = (
			);
			runOnlyForDeploymentPostprocessing = 0;
			shellPath = /bin/sh;
			shellScript = "\"${SRCROOT}/Pods/Target Support Files/Pods-FlyveMDMInventoryAgentTests/Pods-FlyveMDMInventoryAgentTests-resources.sh\"\n";
			showEnvVarsInLog = 0;
		};
		6D34A89AF9A89E4A00317EA0 /* [CP] Embed Pods Frameworks */ = {
			isa = PBXShellScriptBuildPhase;
			buildActionMask = 2147483647;
			files = (
			);
			inputPaths = (
			);
			name = "[CP] Embed Pods Frameworks";
			outputPaths = (
			);
			runOnlyForDeploymentPostprocessing = 0;
			shellPath = /bin/sh;
			shellScript = "\"${SRCROOT}/Pods/Target Support Files/Pods-FlyveMDMInventoryAgentTests/Pods-FlyveMDMInventoryAgentTests-frameworks.sh\"\n";
			showEnvVarsInLog = 0;
		};
		73711ACF70A04655FD8AC019 /* [CP] Embed Pods Frameworks */ = {
			isa = PBXShellScriptBuildPhase;
			buildActionMask = 2147483647;
			files = (
			);
			inputPaths = (
			);
			name = "[CP] Embed Pods Frameworks";
			outputPaths = (
			);
			runOnlyForDeploymentPostprocessing = 0;
			shellPath = /bin/sh;
			shellScript = "\"${SRCROOT}/Pods/Target Support Files/Pods-FlyveMDMInventoryAgentTests/Pods-FlyveMDMInventoryAgentTests-frameworks.sh\"\n";
			showEnvVarsInLog = 0;
		};
		799F19A110484CC831BE7657 /* [CP] Embed Pods Frameworks */ = {
			isa = PBXShellScriptBuildPhase;
			buildActionMask = 2147483647;
			files = (
			);
			inputPaths = (
			);
			name = "[CP] Embed Pods Frameworks";
			outputPaths = (
			);
			runOnlyForDeploymentPostprocessing = 0;
			shellPath = /bin/sh;
			shellScript = "\"${SRCROOT}/Pods/Target Support Files/Pods-FlyveMDMInventoryAgentUITests/Pods-FlyveMDMInventoryAgentUITests-frameworks.sh\"\n";
			showEnvVarsInLog = 0;
		};
		A7568F0D2309F1B1BDBF7FC7 /* [CP] Check Pods Manifest.lock */ = {
			isa = PBXShellScriptBuildPhase;
			buildActionMask = 2147483647;
			files = (
			);
			inputPaths = (
			);
			name = "[CP] Check Pods Manifest.lock";
			outputPaths = (
			);
			runOnlyForDeploymentPostprocessing = 0;
			shellPath = /bin/sh;
			shellScript = "\"${SRCROOT}/Pods/Target Support Files/Pods-FlyveMDMInventoryAgentUITests/Pods-FlyveMDMInventoryAgentUITests-frameworks.sh\"\n";
			showEnvVarsInLog = 0;
		};
		E37DA3F844AA0AFD7A21B423 /* [CP] Embed Pods Frameworks */ = {
			isa = PBXShellScriptBuildPhase;
			buildActionMask = 2147483647;
			files = (
			);
			inputPaths = (
			);
			name = "[CP] Embed Pods Frameworks";
			outputPaths = (
			);
			runOnlyForDeploymentPostprocessing = 0;
			shellPath = /bin/sh;
			shellScript = "\"${SRCROOT}/Pods/Target Support Files/Pods-FlyveMDMInventoryAgent/Pods-FlyveMDMInventoryAgent-frameworks.sh\"\n";
			showEnvVarsInLog = 0;
		};
		F3E69B48C8FE9C98D6413924 /* [CP] Embed Pods Frameworks */ = {
			isa = PBXShellScriptBuildPhase;
			buildActionMask = 2147483647;
			files = (
			);
			inputPaths = (
			);
			name = "[CP] Embed Pods Frameworks";
			outputPaths = (
			);
			runOnlyForDeploymentPostprocessing = 0;
			shellPath = /bin/sh;
			shellScript = "\"${SRCROOT}/Pods/Target Support Files/Pods-FlyveMDMInventoryAgent/Pods-FlyveMDMInventoryAgent-frameworks.sh\"\n";
			showEnvVarsInLog = 0;
		};
/* End PBXShellScriptBuildPhase section */

/* Begin PBXSourcesBuildPhase section */
		0AEB1EC81F10317F00F18217 /* Sources */ = {
			isa = PBXSourcesBuildPhase;
			buildActionMask = 2147483647;
			files = (
				0AEB1ED01F10317F00F18217 /* AppDelegate.swift in Sources */,
				0AC9F6521F10342600A66DE8 /* AgentSettingsController.swift in Sources */,
				0AC9F6531F10342600A66DE8 /* GlobalSettingsController.swift in Sources */,
				0AC9F6551F10342600A66DE8 /* Localizator.swift in Sources */,
			);
			runOnlyForDeploymentPostprocessing = 0;
		};
		0AEB1EDC1F10317F00F18217 /* Sources */ = {
			isa = PBXSourcesBuildPhase;
			buildActionMask = 2147483647;
			files = (
				0AEB1EE51F10317F00F18217 /* FlyveMDMInventoryAgentTests.swift in Sources */,
			);
			runOnlyForDeploymentPostprocessing = 0;
		};
		0AEB1EE71F10317F00F18217 /* Sources */ = {
			isa = PBXSourcesBuildPhase;
			buildActionMask = 2147483647;
			files = (
				0AEB1EF01F10317F00F18217 /* FlyveMDMInventoryAgentUITests.swift in Sources */,
			);
			runOnlyForDeploymentPostprocessing = 0;
		};
/* End PBXSourcesBuildPhase section */

/* Begin PBXTargetDependency section */
		0AEB1EE21F10317F00F18217 /* PBXTargetDependency */ = {
			isa = PBXTargetDependency;
			target = 0AEB1ECB1F10317F00F18217 /* FlyveMDMInventoryAgent */;
			targetProxy = 0AEB1EE11F10317F00F18217 /* PBXContainerItemProxy */;
		};
		0AEB1EED1F10317F00F18217 /* PBXTargetDependency */ = {
			isa = PBXTargetDependency;
			target = 0AEB1ECB1F10317F00F18217 /* FlyveMDMInventoryAgent */;
			targetProxy = 0AEB1EEC1F10317F00F18217 /* PBXContainerItemProxy */;
		};
/* End PBXTargetDependency section */

/* Begin XCBuildConfiguration section */
		0AEB1EF21F10317F00F18217 /* Debug */ = {
			isa = XCBuildConfiguration;
			buildSettings = {
				ALWAYS_SEARCH_USER_PATHS = NO;
				CLANG_ANALYZER_NONNULL = YES;
				CLANG_ANALYZER_NUMBER_OBJECT_CONVERSION = YES_AGGRESSIVE;
				CLANG_CXX_LANGUAGE_STANDARD = "gnu++0x";
				CLANG_CXX_LIBRARY = "libc++";
				CLANG_ENABLE_MODULES = YES;
				CLANG_ENABLE_OBJC_ARC = YES;
				CLANG_WARN_BOOL_CONVERSION = YES;
				CLANG_WARN_CONSTANT_CONVERSION = YES;
				CLANG_WARN_DIRECT_OBJC_ISA_USAGE = YES_ERROR;
				CLANG_WARN_DOCUMENTATION_COMMENTS = YES;
				CLANG_WARN_EMPTY_BODY = YES;
				CLANG_WARN_ENUM_CONVERSION = YES;
				CLANG_WARN_INFINITE_RECURSION = YES;
				CLANG_WARN_INT_CONVERSION = YES;
				CLANG_WARN_OBJC_ROOT_CLASS = YES_ERROR;
				CLANG_WARN_SUSPICIOUS_MOVE = YES;
				CLANG_WARN_UNREACHABLE_CODE = YES;
				CLANG_WARN__DUPLICATE_METHOD_MATCH = YES;
				"CODE_SIGN_IDENTITY[sdk=iphoneos*]" = "iPhone Developer";
				COPY_PHASE_STRIP = NO;
				DEBUG_INFORMATION_FORMAT = dwarf;
				ENABLE_STRICT_OBJC_MSGSEND = YES;
				ENABLE_TESTABILITY = YES;
				GCC_C_LANGUAGE_STANDARD = gnu99;
				GCC_DYNAMIC_NO_PIC = NO;
				GCC_NO_COMMON_BLOCKS = YES;
				GCC_OPTIMIZATION_LEVEL = 0;
				GCC_PREPROCESSOR_DEFINITIONS = (
					"DEBUG=1",
					"$(inherited)",
				);
				GCC_WARN_64_TO_32_BIT_CONVERSION = YES;
				GCC_WARN_ABOUT_RETURN_TYPE = YES_ERROR;
				GCC_WARN_UNDECLARED_SELECTOR = YES;
				GCC_WARN_UNINITIALIZED_AUTOS = YES_AGGRESSIVE;
				GCC_WARN_UNUSED_FUNCTION = YES;
				GCC_WARN_UNUSED_VARIABLE = YES;
				IPHONEOS_DEPLOYMENT_TARGET = 10.3;
				MTL_ENABLE_DEBUG_INFO = YES;
				ONLY_ACTIVE_ARCH = YES;
				SDKROOT = iphoneos;
				SWIFT_ACTIVE_COMPILATION_CONDITIONS = DEBUG;
				SWIFT_OPTIMIZATION_LEVEL = "-Onone";
			};
			name = Debug;
		};
		0AEB1EF31F10317F00F18217 /* Release */ = {
			isa = XCBuildConfiguration;
			buildSettings = {
				ALWAYS_SEARCH_USER_PATHS = NO;
				CLANG_ANALYZER_NONNULL = YES;
				CLANG_ANALYZER_NUMBER_OBJECT_CONVERSION = YES_AGGRESSIVE;
				CLANG_CXX_LANGUAGE_STANDARD = "gnu++0x";
				CLANG_CXX_LIBRARY = "libc++";
				CLANG_ENABLE_MODULES = YES;
				CLANG_ENABLE_OBJC_ARC = YES;
				CLANG_WARN_BOOL_CONVERSION = YES;
				CLANG_WARN_CONSTANT_CONVERSION = YES;
				CLANG_WARN_DIRECT_OBJC_ISA_USAGE = YES_ERROR;
				CLANG_WARN_DOCUMENTATION_COMMENTS = YES;
				CLANG_WARN_EMPTY_BODY = YES;
				CLANG_WARN_ENUM_CONVERSION = YES;
				CLANG_WARN_INFINITE_RECURSION = YES;
				CLANG_WARN_INT_CONVERSION = YES;
				CLANG_WARN_OBJC_ROOT_CLASS = YES_ERROR;
				CLANG_WARN_SUSPICIOUS_MOVE = YES;
				CLANG_WARN_UNREACHABLE_CODE = YES;
				CLANG_WARN__DUPLICATE_METHOD_MATCH = YES;
				"CODE_SIGN_IDENTITY[sdk=iphoneos*]" = "iPhone Developer";
				COPY_PHASE_STRIP = NO;
				DEBUG_INFORMATION_FORMAT = "dwarf-with-dsym";
				ENABLE_NS_ASSERTIONS = NO;
				ENABLE_STRICT_OBJC_MSGSEND = YES;
				GCC_C_LANGUAGE_STANDARD = gnu99;
				GCC_NO_COMMON_BLOCKS = YES;
				GCC_WARN_64_TO_32_BIT_CONVERSION = YES;
				GCC_WARN_ABOUT_RETURN_TYPE = YES_ERROR;
				GCC_WARN_UNDECLARED_SELECTOR = YES;
				GCC_WARN_UNINITIALIZED_AUTOS = YES_AGGRESSIVE;
				GCC_WARN_UNUSED_FUNCTION = YES;
				GCC_WARN_UNUSED_VARIABLE = YES;
				IPHONEOS_DEPLOYMENT_TARGET = 10.3;
				MTL_ENABLE_DEBUG_INFO = NO;
				SDKROOT = iphoneos;
				SWIFT_OPTIMIZATION_LEVEL = "-Owholemodule";
				VALIDATE_PRODUCT = YES;
			};
			name = Release;
		};
		0AEB1EF51F10317F00F18217 /* Debug */ = {
			isa = XCBuildConfiguration;
			baseConfigurationReference = E04B8B65BF4FC4E83B80BC67 /* Pods-FlyveMDMInventoryAgent.debug.xcconfig */;
			buildSettings = {
				ASSETCATALOG_COMPILER_APPICON_NAME = AppIcon;
				ASSETCATALOG_COMPILER_LAUNCHIMAGE_NAME = LaunchImage;
				CODE_SIGN_IDENTITY = "";
				"CODE_SIGN_IDENTITY[sdk=iphoneos*]" = "iPhone Distribution";
				DEVELOPMENT_TEAM = H7XJV96LX2;
				INFOPLIST_FILE = FlyveMDMInventoryAgent/Info.plist;
				LD_RUNPATH_SEARCH_PATHS = "$(inherited) @executable_path/Frameworks";
				PRODUCT_BUNDLE_IDENTIFIER = org.flyve.inventory.agent;
				PRODUCT_NAME = "$(TARGET_NAME)";
				PROVISIONING_PROFILE = "b56e9ec2-abc1-4073-b092-dc05d40eae40";
				PROVISIONING_PROFILE_SPECIFIER = "XC iOS: org.flyve.inventory.agent";
				SWIFT_VERSION = 3.0;
			};
			name = Debug;
		};
		0AEB1EF61F10317F00F18217 /* Release */ = {
			isa = XCBuildConfiguration;
			baseConfigurationReference = F8B48CDB5BBFC1FE554C1BC6 /* Pods-FlyveMDMInventoryAgent.release.xcconfig */;
			buildSettings = {
				ASSETCATALOG_COMPILER_APPICON_NAME = AppIcon;
				ASSETCATALOG_COMPILER_LAUNCHIMAGE_NAME = LaunchImage;
				CODE_SIGN_IDENTITY = "";
				"CODE_SIGN_IDENTITY[sdk=iphoneos*]" = "iPhone Distribution";
				DEVELOPMENT_TEAM = H7XJV96LX2;
				INFOPLIST_FILE = FlyveMDMInventoryAgent/Info.plist;
				LD_RUNPATH_SEARCH_PATHS = "$(inherited) @executable_path/Frameworks";
				PRODUCT_BUNDLE_IDENTIFIER = org.flyve.inventory.agent;
				PRODUCT_NAME = "$(TARGET_NAME)";
				PROVISIONING_PROFILE = "b56e9ec2-abc1-4073-b092-dc05d40eae40";
				PROVISIONING_PROFILE_SPECIFIER = "XC iOS: org.flyve.inventory.agent";
				SWIFT_VERSION = 3.0;
			};
			name = Release;
		};
		0AEB1EF81F10317F00F18217 /* Debug */ = {
			isa = XCBuildConfiguration;
			baseConfigurationReference = 673B72F5F327AB6823D07D89 /* Pods-FlyveMDMInventoryAgentTests.debug.xcconfig */;
			buildSettings = {
				ALWAYS_EMBED_SWIFT_STANDARD_LIBRARIES = YES;
				BUNDLE_LOADER = "$(TEST_HOST)";
				DEVELOPMENT_TEAM = H7XJV96LX2;
				INFOPLIST_FILE = FlyveMDMInventoryAgentTests/Info.plist;
				LD_RUNPATH_SEARCH_PATHS = "$(inherited) @executable_path/Frameworks @loader_path/Frameworks";
				PRODUCT_BUNDLE_IDENTIFIER = com.teclib.FlyveMDMInventoryAgentTests;
				PRODUCT_NAME = "$(TARGET_NAME)";
				SWIFT_VERSION = 3.0;
				TEST_HOST = "$(BUILT_PRODUCTS_DIR)/FlyveMDMInventoryAgent.app/FlyveMDMInventoryAgent";
			};
			name = Debug;
		};
		0AEB1EF91F10317F00F18217 /* Release */ = {
			isa = XCBuildConfiguration;
			baseConfigurationReference = B33C599B8A4040720CB11B85 /* Pods-FlyveMDMInventoryAgentTests.release.xcconfig */;
			buildSettings = {
				ALWAYS_EMBED_SWIFT_STANDARD_LIBRARIES = YES;
				BUNDLE_LOADER = "$(TEST_HOST)";
				DEVELOPMENT_TEAM = H7XJV96LX2;
				INFOPLIST_FILE = FlyveMDMInventoryAgentTests/Info.plist;
				LD_RUNPATH_SEARCH_PATHS = "$(inherited) @executable_path/Frameworks @loader_path/Frameworks";
				PRODUCT_BUNDLE_IDENTIFIER = com.teclib.FlyveMDMInventoryAgentTests;
				PRODUCT_NAME = "$(TARGET_NAME)";
				SWIFT_VERSION = 3.0;
				TEST_HOST = "$(BUILT_PRODUCTS_DIR)/FlyveMDMInventoryAgent.app/FlyveMDMInventoryAgent";
			};
			name = Release;
		};
		0AEB1EFB1F10317F00F18217 /* Debug */ = {
			isa = XCBuildConfiguration;
			baseConfigurationReference = F46A2FC618C1AD93B805CC98 /* Pods-FlyveMDMInventoryAgentUITests.debug.xcconfig */;
			buildSettings = {
				ALWAYS_EMBED_SWIFT_STANDARD_LIBRARIES = YES;
				DEVELOPMENT_TEAM = H7XJV96LX2;
				INFOPLIST_FILE = FlyveMDMInventoryAgentUITests/Info.plist;
				LD_RUNPATH_SEARCH_PATHS = "$(inherited) @executable_path/Frameworks @loader_path/Frameworks";
				PRODUCT_BUNDLE_IDENTIFIER = com.teclib.FlyveMDMInventoryAgentUITests;
				PRODUCT_NAME = "$(TARGET_NAME)";
				SWIFT_VERSION = 3.0;
				TEST_TARGET_NAME = FlyveMDMInventoryAgent;
			};
			name = Debug;
		};
		0AEB1EFC1F10317F00F18217 /* Release */ = {
			isa = XCBuildConfiguration;
			baseConfigurationReference = 8F9D330769AB62C6396204B3 /* Pods-FlyveMDMInventoryAgentUITests.release.xcconfig */;
			buildSettings = {
				ALWAYS_EMBED_SWIFT_STANDARD_LIBRARIES = YES;
				DEVELOPMENT_TEAM = H7XJV96LX2;
				INFOPLIST_FILE = FlyveMDMInventoryAgentUITests/Info.plist;
				LD_RUNPATH_SEARCH_PATHS = "$(inherited) @executable_path/Frameworks @loader_path/Frameworks";
				PRODUCT_BUNDLE_IDENTIFIER = com.teclib.FlyveMDMInventoryAgentUITests;
				PRODUCT_NAME = "$(TARGET_NAME)";
				SWIFT_VERSION = 3.0;
				TEST_TARGET_NAME = FlyveMDMInventoryAgent;
			};
			name = Release;
		};
/* End XCBuildConfiguration section */

/* Begin XCConfigurationList section */
		0AEB1EC71F10317F00F18217 /* Build configuration list for PBXProject "FlyveMDMInventoryAgent" */ = {
			isa = XCConfigurationList;
			buildConfigurations = (
				0AEB1EF21F10317F00F18217 /* Debug */,
				0AEB1EF31F10317F00F18217 /* Release */,
			);
			defaultConfigurationIsVisible = 0;
			defaultConfigurationName = Release;
		};
		0AEB1EF41F10317F00F18217 /* Build configuration list for PBXNativeTarget "FlyveMDMInventoryAgent" */ = {
			isa = XCConfigurationList;
			buildConfigurations = (
				0AEB1EF51F10317F00F18217 /* Debug */,
				0AEB1EF61F10317F00F18217 /* Release */,
			);
			defaultConfigurationIsVisible = 0;
			defaultConfigurationName = Release;
		};
		0AEB1EF71F10317F00F18217 /* Build configuration list for PBXNativeTarget "FlyveMDMInventoryAgentTests" */ = {
			isa = XCConfigurationList;
			buildConfigurations = (
				0AEB1EF81F10317F00F18217 /* Debug */,
				0AEB1EF91F10317F00F18217 /* Release */,
			);
			defaultConfigurationIsVisible = 0;
			defaultConfigurationName = Release;
		};
		0AEB1EFA1F10317F00F18217 /* Build configuration list for PBXNativeTarget "FlyveMDMInventoryAgentUITests" */ = {
			isa = XCConfigurationList;
			buildConfigurations = (
				0AEB1EFB1F10317F00F18217 /* Debug */,
				0AEB1EFC1F10317F00F18217 /* Release */,
			);
			defaultConfigurationIsVisible = 0;
			defaultConfigurationName = Release;
		};
/* End XCConfigurationList section */
	};
	rootObject = 0AEB1EC41F10317F00F18217 /* Project object */;
}
