// !$*UTF8*$!
{
	archiveVersion = 1;
	classes = {
	};
	objectVersion = 46;
	objects = {

/* Begin PBXBuildFile section */
		0ABAF5371F09686100BAC771 /* Assets.xcassets in Resources */ = {isa = PBXBuildFile; fileRef = 0ABAF5361F09686100BAC771 /* Assets.xcassets */; };
		0ABAF5451F09686100BAC771 /* FlyveMDMInventoryAgentTests.swift in Sources */ = {isa = PBXBuildFile; fileRef = 0ABAF5441F09686100BAC771 /* FlyveMDMInventoryAgentTests.swift */; };
		0ABAF5501F09686100BAC771 /* FlyveMDMInventoryAgentUITests.swift in Sources */ = {isa = PBXBuildFile; fileRef = 0ABAF54F1F09686100BAC771 /* FlyveMDMInventoryAgentUITests.swift */; };
		0ABAF5631F09695700BAC771 /* AppDelegate.swift in Sources */ = {isa = PBXBuildFile; fileRef = 0ABAF55E1F09695700BAC771 /* AppDelegate.swift */; };
		0ABAF5641F09695700BAC771 /* AgentSettingsController.swift in Sources */ = {isa = PBXBuildFile; fileRef = 0ABAF55F1F09695700BAC771 /* AgentSettingsController.swift */; };
		0ABAF5651F09695700BAC771 /* GlobalSettingsController.swift in Sources */ = {isa = PBXBuildFile; fileRef = 0ABAF5601F09695700BAC771 /* GlobalSettingsController.swift */; };
		0ABAF5661F09695700BAC771 /* Localizator.swift in Sources */ = {isa = PBXBuildFile; fileRef = 0ABAF5611F09695700BAC771 /* Localizator.swift */; };
		0ABAF5671F09695700BAC771 /* Localizable.plist in Resources */ = {isa = PBXBuildFile; fileRef = 0ABAF5621F09695700BAC771 /* Localizable.plist */; };
		9BE7AF3A9CA5D9EC47C6130C /* Pods_FlyveMDMInventoryAgentUITests.framework in Frameworks */ = {isa = PBXBuildFile; fileRef = 5D24FF1DC56D97ABFCBD46DB /* Pods_FlyveMDMInventoryAgentUITests.framework */; };
		CE8CA70A27C7D68E3569AE40 /* Pods_FlyveMDMInventoryAgentTests.framework in Frameworks */ = {isa = PBXBuildFile; fileRef = C87884CD0B79BCDA22D92E7B /* Pods_FlyveMDMInventoryAgentTests.framework */; };
		E36ADDBD533580EA4B45BE2D /* Pods_FlyveMDMInventoryAgent.framework in Frameworks */ = {isa = PBXBuildFile; fileRef = 77BB902437AB77C67326AEB3 /* Pods_FlyveMDMInventoryAgent.framework */; };
/* End PBXBuildFile section */

/* Begin PBXContainerItemProxy section */
		0ABAF5411F09686100BAC771 /* PBXContainerItemProxy */ = {
			isa = PBXContainerItemProxy;
			containerPortal = 0ABAF5241F09686100BAC771 /* Project object */;
			proxyType = 1;
			remoteGlobalIDString = 0ABAF52B1F09686100BAC771;
			remoteInfo = FlyveMDMInventoryAgent;
		};
		0ABAF54C1F09686100BAC771 /* PBXContainerItemProxy */ = {
			isa = PBXContainerItemProxy;
			containerPortal = 0ABAF5241F09686100BAC771 /* Project object */;
			proxyType = 1;
			remoteGlobalIDString = 0ABAF52B1F09686100BAC771;
			remoteInfo = FlyveMDMInventoryAgent;
		};
/* End PBXContainerItemProxy section */

/* Begin PBXFileReference section */
		0ABAF52C1F09686100BAC771 /* FlyveMDMInventoryAgent.app */ = {isa = PBXFileReference; explicitFileType = wrapper.application; includeInIndex = 0; path = FlyveMDMInventoryAgent.app; sourceTree = BUILT_PRODUCTS_DIR; };
		0ABAF5361F09686100BAC771 /* Assets.xcassets */ = {isa = PBXFileReference; lastKnownFileType = folder.assetcatalog; name = Assets.xcassets; path = FlyveMDMInventoryAgent/Assets.xcassets; sourceTree = "<group>"; };
		0ABAF53B1F09686100BAC771 /* Info.plist */ = {isa = PBXFileReference; lastKnownFileType = text.plist.xml; path = Info.plist; sourceTree = "<group>"; };
		0ABAF5401F09686100BAC771 /* FlyveMDMInventoryAgentTests.xctest */ = {isa = PBXFileReference; explicitFileType = wrapper.cfbundle; includeInIndex = 0; path = FlyveMDMInventoryAgentTests.xctest; sourceTree = BUILT_PRODUCTS_DIR; };
		0ABAF5441F09686100BAC771 /* FlyveMDMInventoryAgentTests.swift */ = {isa = PBXFileReference; lastKnownFileType = sourcecode.swift; path = FlyveMDMInventoryAgentTests.swift; sourceTree = "<group>"; };
		0ABAF5461F09686100BAC771 /* Info.plist */ = {isa = PBXFileReference; lastKnownFileType = text.plist.xml; path = Info.plist; sourceTree = "<group>"; };
		0ABAF54B1F09686100BAC771 /* FlyveMDMInventoryAgentUITests.xctest */ = {isa = PBXFileReference; explicitFileType = wrapper.cfbundle; includeInIndex = 0; path = FlyveMDMInventoryAgentUITests.xctest; sourceTree = BUILT_PRODUCTS_DIR; };
		0ABAF54F1F09686100BAC771 /* FlyveMDMInventoryAgentUITests.swift */ = {isa = PBXFileReference; lastKnownFileType = sourcecode.swift; path = FlyveMDMInventoryAgentUITests.swift; sourceTree = "<group>"; };
		0ABAF5511F09686100BAC771 /* Info.plist */ = {isa = PBXFileReference; lastKnownFileType = text.plist.xml; path = Info.plist; sourceTree = "<group>"; };
		0ABAF55D1F09695600BAC771 /* FlyveMDMInventoryAgent-Bridging-Header.h */ = {isa = PBXFileReference; lastKnownFileType = sourcecode.c.h; name = "FlyveMDMInventoryAgent-Bridging-Header.h"; path = "FlyveMDMInventoryAgent/FlyveMDMInventoryAgent-Bridging-Header.h"; sourceTree = "<group>"; };
		0ABAF55E1F09695700BAC771 /* AppDelegate.swift */ = {isa = PBXFileReference; fileEncoding = 4; lastKnownFileType = sourcecode.swift; path = AppDelegate.swift; sourceTree = "<group>"; };
		0ABAF55F1F09695700BAC771 /* AgentSettingsController.swift */ = {isa = PBXFileReference; fileEncoding = 4; lastKnownFileType = sourcecode.swift; path = AgentSettingsController.swift; sourceTree = "<group>"; };
		0ABAF5601F09695700BAC771 /* GlobalSettingsController.swift */ = {isa = PBXFileReference; fileEncoding = 4; lastKnownFileType = sourcecode.swift; path = GlobalSettingsController.swift; sourceTree = "<group>"; };
		0ABAF5611F09695700BAC771 /* Localizator.swift */ = {isa = PBXFileReference; fileEncoding = 4; lastKnownFileType = sourcecode.swift; path = Localizator.swift; sourceTree = "<group>"; };
		0ABAF5621F09695700BAC771 /* Localizable.plist */ = {isa = PBXFileReference; fileEncoding = 4; lastKnownFileType = text.plist.xml; path = Localizable.plist; sourceTree = "<group>"; };
		14B53793360C5C83EBDB3152 /* Pods-FlyveMDMInventoryAgent.release.xcconfig */ = {isa = PBXFileReference; includeInIndex = 1; lastKnownFileType = text.xcconfig; name = "Pods-FlyveMDMInventoryAgent.release.xcconfig"; path = "Pods/Target Support Files/Pods-FlyveMDMInventoryAgent/Pods-FlyveMDMInventoryAgent.release.xcconfig"; sourceTree = "<group>"; };
		5D24FF1DC56D97ABFCBD46DB /* Pods_FlyveMDMInventoryAgentUITests.framework */ = {isa = PBXFileReference; explicitFileType = wrapper.framework; includeInIndex = 0; path = Pods_FlyveMDMInventoryAgentUITests.framework; sourceTree = BUILT_PRODUCTS_DIR; };
		77A04FDAE4D7E767A3847942 /* Pods-FlyveMDMInventoryAgent.debug.xcconfig */ = {isa = PBXFileReference; includeInIndex = 1; lastKnownFileType = text.xcconfig; name = "Pods-FlyveMDMInventoryAgent.debug.xcconfig"; path = "Pods/Target Support Files/Pods-FlyveMDMInventoryAgent/Pods-FlyveMDMInventoryAgent.debug.xcconfig"; sourceTree = "<group>"; };
		77BB902437AB77C67326AEB3 /* Pods_FlyveMDMInventoryAgent.framework */ = {isa = PBXFileReference; explicitFileType = wrapper.framework; includeInIndex = 0; path = Pods_FlyveMDMInventoryAgent.framework; sourceTree = BUILT_PRODUCTS_DIR; };
		9B309CFB5762D491558F11D0 /* Pods-FlyveMDMInventoryAgentUITests.release.xcconfig */ = {isa = PBXFileReference; includeInIndex = 1; lastKnownFileType = text.xcconfig; name = "Pods-FlyveMDMInventoryAgentUITests.release.xcconfig"; path = "Pods/Target Support Files/Pods-FlyveMDMInventoryAgentUITests/Pods-FlyveMDMInventoryAgentUITests.release.xcconfig"; sourceTree = "<group>"; };
		B5849FB3A1DBF878AC57838D /* Pods-FlyveMDMInventoryAgentTests.debug.xcconfig */ = {isa = PBXFileReference; includeInIndex = 1; lastKnownFileType = text.xcconfig; name = "Pods-FlyveMDMInventoryAgentTests.debug.xcconfig"; path = "Pods/Target Support Files/Pods-FlyveMDMInventoryAgentTests/Pods-FlyveMDMInventoryAgentTests.debug.xcconfig"; sourceTree = "<group>"; };
		C87884CD0B79BCDA22D92E7B /* Pods_FlyveMDMInventoryAgentTests.framework */ = {isa = PBXFileReference; explicitFileType = wrapper.framework; includeInIndex = 0; path = Pods_FlyveMDMInventoryAgentTests.framework; sourceTree = BUILT_PRODUCTS_DIR; };
		DA145F40E0301CC0BD1C76CB /* Pods-FlyveMDMInventoryAgentUITests.debug.xcconfig */ = {isa = PBXFileReference; includeInIndex = 1; lastKnownFileType = text.xcconfig; name = "Pods-FlyveMDMInventoryAgentUITests.debug.xcconfig"; path = "Pods/Target Support Files/Pods-FlyveMDMInventoryAgentUITests/Pods-FlyveMDMInventoryAgentUITests.debug.xcconfig"; sourceTree = "<group>"; };
		E0660E367A7865AC3EF45E72 /* Pods-FlyveMDMInventoryAgentTests.release.xcconfig */ = {isa = PBXFileReference; includeInIndex = 1; lastKnownFileType = text.xcconfig; name = "Pods-FlyveMDMInventoryAgentTests.release.xcconfig"; path = "Pods/Target Support Files/Pods-FlyveMDMInventoryAgentTests/Pods-FlyveMDMInventoryAgentTests.release.xcconfig"; sourceTree = "<group>"; };
/* End PBXFileReference section */

/* Begin PBXFrameworksBuildPhase section */
		0ABAF5291F09686100BAC771 /* Frameworks */ = {
			isa = PBXFrameworksBuildPhase;
			buildActionMask = 2147483647;
			files = (
				E36ADDBD533580EA4B45BE2D /* Pods_FlyveMDMInventoryAgent.framework in Frameworks */,
			);
			runOnlyForDeploymentPostprocessing = 0;
		};
		0ABAF53D1F09686100BAC771 /* Frameworks */ = {
			isa = PBXFrameworksBuildPhase;
			buildActionMask = 2147483647;
			files = (
				CE8CA70A27C7D68E3569AE40 /* Pods_FlyveMDMInventoryAgentTests.framework in Frameworks */,
			);
			runOnlyForDeploymentPostprocessing = 0;
		};
		0ABAF5481F09686100BAC771 /* Frameworks */ = {
			isa = PBXFrameworksBuildPhase;
			buildActionMask = 2147483647;
			files = (
				9BE7AF3A9CA5D9EC47C6130C /* Pods_FlyveMDMInventoryAgentUITests.framework in Frameworks */,
			);
			runOnlyForDeploymentPostprocessing = 0;
		};
/* End PBXFrameworksBuildPhase section */

/* Begin PBXGroup section */
		0ABAF5231F09686100BAC771 = {
			isa = PBXGroup;
			children = (
				0ABAF55D1F09695600BAC771 /* FlyveMDMInventoryAgent-Bridging-Header.h */,
				0ABAF5361F09686100BAC771 /* Assets.xcassets */,
				0ABAF52E1F09686100BAC771 /* FlyveMDMInventoryAgent */,
				0ABAF5431F09686100BAC771 /* FlyveMDMInventoryAgentTests */,
				0ABAF54E1F09686100BAC771 /* FlyveMDMInventoryAgentUITests */,
				0ABAF52D1F09686100BAC771 /* Products */,
				8ECCF820C1E5123DD7B1B2F8 /* Pods */,
				CBFE960A11CEA0879A160634 /* Frameworks */,
			);
			sourceTree = "<group>";
		};
		0ABAF52D1F09686100BAC771 /* Products */ = {
			isa = PBXGroup;
			children = (
				0ABAF52C1F09686100BAC771 /* FlyveMDMInventoryAgent.app */,
				0ABAF5401F09686100BAC771 /* FlyveMDMInventoryAgentTests.xctest */,
				0ABAF54B1F09686100BAC771 /* FlyveMDMInventoryAgentUITests.xctest */,
			);
			name = Products;
			sourceTree = "<group>";
		};
		0ABAF52E1F09686100BAC771 /* FlyveMDMInventoryAgent */ = {
			isa = PBXGroup;
			children = (
				0ABAF55E1F09695700BAC771 /* AppDelegate.swift */,
				0ABAF55F1F09695700BAC771 /* AgentSettingsController.swift */,
				0ABAF5601F09695700BAC771 /* GlobalSettingsController.swift */,
				0ABAF5611F09695700BAC771 /* Localizator.swift */,
				0ABAF5621F09695700BAC771 /* Localizable.plist */,
				0ABAF53B1F09686100BAC771 /* Info.plist */,
			);
			path = FlyveMDMInventoryAgent;
			sourceTree = "<group>";
		};
		0ABAF5431F09686100BAC771 /* FlyveMDMInventoryAgentTests */ = {
			isa = PBXGroup;
			children = (
				0ABAF5441F09686100BAC771 /* FlyveMDMInventoryAgentTests.swift */,
				0ABAF5461F09686100BAC771 /* Info.plist */,
			);
			path = FlyveMDMInventoryAgentTests;
			sourceTree = "<group>";
		};
		0ABAF54E1F09686100BAC771 /* FlyveMDMInventoryAgentUITests */ = {
			isa = PBXGroup;
			children = (
				0ABAF54F1F09686100BAC771 /* FlyveMDMInventoryAgentUITests.swift */,
				0ABAF5511F09686100BAC771 /* Info.plist */,
			);
			path = FlyveMDMInventoryAgentUITests;
			sourceTree = "<group>";
		};
		8ECCF820C1E5123DD7B1B2F8 /* Pods */ = {
			isa = PBXGroup;
			children = (
				77A04FDAE4D7E767A3847942 /* Pods-FlyveMDMInventoryAgent.debug.xcconfig */,
				14B53793360C5C83EBDB3152 /* Pods-FlyveMDMInventoryAgent.release.xcconfig */,
				B5849FB3A1DBF878AC57838D /* Pods-FlyveMDMInventoryAgentTests.debug.xcconfig */,
				E0660E367A7865AC3EF45E72 /* Pods-FlyveMDMInventoryAgentTests.release.xcconfig */,
				DA145F40E0301CC0BD1C76CB /* Pods-FlyveMDMInventoryAgentUITests.debug.xcconfig */,
				9B309CFB5762D491558F11D0 /* Pods-FlyveMDMInventoryAgentUITests.release.xcconfig */,
			);
			name = Pods;
			sourceTree = "<group>";
		};
		CBFE960A11CEA0879A160634 /* Frameworks */ = {
			isa = PBXGroup;
			children = (
				77BB902437AB77C67326AEB3 /* Pods_FlyveMDMInventoryAgent.framework */,
				C87884CD0B79BCDA22D92E7B /* Pods_FlyveMDMInventoryAgentTests.framework */,
				5D24FF1DC56D97ABFCBD46DB /* Pods_FlyveMDMInventoryAgentUITests.framework */,
			);
			name = Frameworks;
			sourceTree = "<group>";
		};
/* End PBXGroup section */

/* Begin PBXNativeTarget section */
		0ABAF52B1F09686100BAC771 /* FlyveMDMInventoryAgent */ = {
			isa = PBXNativeTarget;
			buildConfigurationList = 0ABAF5541F09686100BAC771 /* Build configuration list for PBXNativeTarget "FlyveMDMInventoryAgent" */;
			buildPhases = (
				EB6BD96700ED51B1EBAB96E0 /* [CP] Check Pods Manifest.lock */,
				0ABAF5281F09686100BAC771 /* Sources */,
				0ABAF5291F09686100BAC771 /* Frameworks */,
				0ABAF52A1F09686100BAC771 /* Resources */,
				018608978B98E20F43CDF295 /* [CP] Embed Pods Frameworks */,
				5127B8409D450F32E4CBC8E8 /* [CP] Copy Pods Resources */,
			);
			buildRules = (
			);
			dependencies = (
			);
			name = FlyveMDMInventoryAgent;
			productName = FlyveMDMInventoryAgent;
			productReference = 0ABAF52C1F09686100BAC771 /* FlyveMDMInventoryAgent.app */;
			productType = "com.apple.product-type.application";
		};
		0ABAF53F1F09686100BAC771 /* FlyveMDMInventoryAgentTests */ = {
			isa = PBXNativeTarget;
			buildConfigurationList = 0ABAF5571F09686100BAC771 /* Build configuration list for PBXNativeTarget "FlyveMDMInventoryAgentTests" */;
			buildPhases = (
				A0E4B6DD91050406BFC4CD59 /* [CP] Check Pods Manifest.lock */,
				0ABAF53C1F09686100BAC771 /* Sources */,
				0ABAF53D1F09686100BAC771 /* Frameworks */,
				0ABAF53E1F09686100BAC771 /* Resources */,
				BB70E863D0F1746156B08813 /* [CP] Embed Pods Frameworks */,
				912ADFC9426759B87AA1085A /* [CP] Copy Pods Resources */,
			);
			buildRules = (
			);
			dependencies = (
				0ABAF5421F09686100BAC771 /* PBXTargetDependency */,
			);
			name = FlyveMDMInventoryAgentTests;
			productName = FlyveMDMInventoryAgentTests;
			productReference = 0ABAF5401F09686100BAC771 /* FlyveMDMInventoryAgentTests.xctest */;
			productType = "com.apple.product-type.bundle.unit-test";
		};
		0ABAF54A1F09686100BAC771 /* FlyveMDMInventoryAgentUITests */ = {
			isa = PBXNativeTarget;
			buildConfigurationList = 0ABAF55A1F09686100BAC771 /* Build configuration list for PBXNativeTarget "FlyveMDMInventoryAgentUITests" */;
			buildPhases = (
				858A90B5FF6C038EFE661BCE /* [CP] Check Pods Manifest.lock */,
				0ABAF5471F09686100BAC771 /* Sources */,
				0ABAF5481F09686100BAC771 /* Frameworks */,
				0ABAF5491F09686100BAC771 /* Resources */,
				7FD58D6EAD80D9D535FBF7EB /* [CP] Embed Pods Frameworks */,
				B65D6FF46E35F279309B5AAE /* [CP] Copy Pods Resources */,
			);
			buildRules = (
			);
			dependencies = (
				0ABAF54D1F09686100BAC771 /* PBXTargetDependency */,
			);
			name = FlyveMDMInventoryAgentUITests;
			productName = FlyveMDMInventoryAgentUITests;
			productReference = 0ABAF54B1F09686100BAC771 /* FlyveMDMInventoryAgentUITests.xctest */;
			productType = "com.apple.product-type.bundle.ui-testing";
		};
/* End PBXNativeTarget section */

/* Begin PBXProject section */
		0ABAF5241F09686100BAC771 /* Project object */ = {
			isa = PBXProject;
			attributes = {
				LastSwiftUpdateCheck = 0830;
				LastUpgradeCheck = 0830;
				ORGANIZATIONNAME = Teclib;
				TargetAttributes = {
					0ABAF52B1F09686100BAC771 = {
						CreatedOnToolsVersion = 8.3.3;
						DevelopmentTeam = G3UM9C856M;
						LastSwiftMigration = 0830;
						ProvisioningStyle = Automatic;
					};
					0ABAF53F1F09686100BAC771 = {
						CreatedOnToolsVersion = 8.3.3;
						DevelopmentTeam = G3UM9C856M;
						ProvisioningStyle = Manual;
						TestTargetID = 0ABAF52B1F09686100BAC771;
					};
					0ABAF54A1F09686100BAC771 = {
						CreatedOnToolsVersion = 8.3.3;
						DevelopmentTeam = G3UM9C856M;
						ProvisioningStyle = Manual;
						TestTargetID = 0ABAF52B1F09686100BAC771;
					};
				};
			};
			buildConfigurationList = 0ABAF5271F09686100BAC771 /* Build configuration list for PBXProject "FlyveMDMInventoryAgent" */;
			compatibilityVersion = "Xcode 3.2";
			developmentRegion = English;
			hasScannedForEncodings = 0;
			knownRegions = (
				en,
				Base,
			);
			mainGroup = 0ABAF5231F09686100BAC771;
			productRefGroup = 0ABAF52D1F09686100BAC771 /* Products */;
			projectDirPath = "";
			projectRoot = "";
			targets = (
				0ABAF52B1F09686100BAC771 /* FlyveMDMInventoryAgent */,
				0ABAF53F1F09686100BAC771 /* FlyveMDMInventoryAgentTests */,
				0ABAF54A1F09686100BAC771 /* FlyveMDMInventoryAgentUITests */,
			);
		};
/* End PBXProject section */

/* Begin PBXResourcesBuildPhase section */
		0ABAF52A1F09686100BAC771 /* Resources */ = {
			isa = PBXResourcesBuildPhase;
			buildActionMask = 2147483647;
			files = (
				0ABAF5371F09686100BAC771 /* Assets.xcassets in Resources */,
				0ABAF5671F09695700BAC771 /* Localizable.plist in Resources */,
			);
			runOnlyForDeploymentPostprocessing = 0;
		};
		0ABAF53E1F09686100BAC771 /* Resources */ = {
			isa = PBXResourcesBuildPhase;
			buildActionMask = 2147483647;
			files = (
			);
			runOnlyForDeploymentPostprocessing = 0;
		};
		0ABAF5491F09686100BAC771 /* Resources */ = {
			isa = PBXResourcesBuildPhase;
			buildActionMask = 2147483647;
			files = (
			);
			runOnlyForDeploymentPostprocessing = 0;
		};
/* End PBXResourcesBuildPhase section */

/* Begin PBXShellScriptBuildPhase section */
		018608978B98E20F43CDF295 /* [CP] Embed Pods Frameworks */ = {
			isa = PBXShellScriptBuildPhase;
			buildActionMask = 2147483647;
			files = (
			);
			inputPaths = (
			);
			name = "[CP] Embed Pods Frameworks";
			outputPaths = (
			);
			runOnlyForDeploymentPostprocessing = 0;
			shellPath = /bin/sh;
			shellScript = "\"${SRCROOT}/Pods/Target Support Files/Pods-FlyveMDMInventoryAgent/Pods-FlyveMDMInventoryAgent-frameworks.sh\"\n";
			showEnvVarsInLog = 0;
		};
		5127B8409D450F32E4CBC8E8 /* [CP] Copy Pods Resources */ = {
			isa = PBXShellScriptBuildPhase;
			buildActionMask = 2147483647;
			files = (
			);
			inputPaths = (
			);
			name = "[CP] Copy Pods Resources";
			outputPaths = (
			);
			runOnlyForDeploymentPostprocessing = 0;
			shellPath = /bin/sh;
			shellScript = "\"${SRCROOT}/Pods/Target Support Files/Pods-FlyveMDMInventoryAgent/Pods-FlyveMDMInventoryAgent-resources.sh\"\n";
			showEnvVarsInLog = 0;
		};
		7FD58D6EAD80D9D535FBF7EB /* [CP] Embed Pods Frameworks */ = {
			isa = PBXShellScriptBuildPhase;
			buildActionMask = 2147483647;
			files = (
			);
			inputPaths = (
			);
			name = "[CP] Embed Pods Frameworks";
			outputPaths = (
			);
			runOnlyForDeploymentPostprocessing = 0;
			shellPath = /bin/sh;
			shellScript = "\"${SRCROOT}/Pods/Target Support Files/Pods-FlyveMDMInventoryAgentUITests/Pods-FlyveMDMInventoryAgentUITests-frameworks.sh\"\n";
			showEnvVarsInLog = 0;
		};
		858A90B5FF6C038EFE661BCE /* [CP] Check Pods Manifest.lock */ = {
			isa = PBXShellScriptBuildPhase;
			buildActionMask = 2147483647;
			files = (
			);
			inputPaths = (
			);
			name = "[CP] Check Pods Manifest.lock";
			outputPaths = (
			);
			runOnlyForDeploymentPostprocessing = 0;
			shellPath = /bin/sh;
			shellScript = "diff \"${PODS_PODFILE_DIR_PATH}/Podfile.lock\" \"${PODS_ROOT}/Manifest.lock\" > /dev/null\nif [ $? != 0 ] ; then\n    # print error to STDERR\n    echo \"error: The sandbox is not in sync with the Podfile.lock. Run 'pod install' or update your CocoaPods installation.\" >&2\n    exit 1\nfi\n";
			showEnvVarsInLog = 0;
		};
		912ADFC9426759B87AA1085A /* [CP] Copy Pods Resources */ = {
			isa = PBXShellScriptBuildPhase;
			buildActionMask = 2147483647;
			files = (
			);
			inputPaths = (
			);
			name = "[CP] Copy Pods Resources";
			outputPaths = (
			);
			runOnlyForDeploymentPostprocessing = 0;
			shellPath = /bin/sh;
			shellScript = "\"${SRCROOT}/Pods/Target Support Files/Pods-FlyveMDMInventoryAgentTests/Pods-FlyveMDMInventoryAgentTests-resources.sh\"\n";
			showEnvVarsInLog = 0;
		};
		A0E4B6DD91050406BFC4CD59 /* [CP] Check Pods Manifest.lock */ = {
			isa = PBXShellScriptBuildPhase;
			buildActionMask = 2147483647;
			files = (
			);
			inputPaths = (
			);
			name = "[CP] Check Pods Manifest.lock";
			outputPaths = (
			);
			runOnlyForDeploymentPostprocessing = 0;
			shellPath = /bin/sh;
			shellScript = "diff \"${PODS_PODFILE_DIR_PATH}/Podfile.lock\" \"${PODS_ROOT}/Manifest.lock\" > /dev/null\nif [ $? != 0 ] ; then\n    # print error to STDERR\n    echo \"error: The sandbox is not in sync with the Podfile.lock. Run 'pod install' or update your CocoaPods installation.\" >&2\n    exit 1\nfi\n";
			showEnvVarsInLog = 0;
		};
		B65D6FF46E35F279309B5AAE /* [CP] Copy Pods Resources */ = {
			isa = PBXShellScriptBuildPhase;
			buildActionMask = 2147483647;
			files = (
			);
			inputPaths = (
			);
			name = "[CP] Copy Pods Resources";
			outputPaths = (
			);
			runOnlyForDeploymentPostprocessing = 0;
			shellPath = /bin/sh;
			shellScript = "\"${SRCROOT}/Pods/Target Support Files/Pods-FlyveMDMInventoryAgentUITests/Pods-FlyveMDMInventoryAgentUITests-resources.sh\"\n";
			showEnvVarsInLog = 0;
		};
		BB70E863D0F1746156B08813 /* [CP] Embed Pods Frameworks */ = {
			isa = PBXShellScriptBuildPhase;
			buildActionMask = 2147483647;
			files = (
			);
			inputPaths = (
			);
			name = "[CP] Embed Pods Frameworks";
			outputPaths = (
			);
			runOnlyForDeploymentPostprocessing = 0;
			shellPath = /bin/sh;
			shellScript = "\"${SRCROOT}/Pods/Target Support Files/Pods-FlyveMDMInventoryAgentTests/Pods-FlyveMDMInventoryAgentTests-frameworks.sh\"\n";
			showEnvVarsInLog = 0;
		};
		EB6BD96700ED51B1EBAB96E0 /* [CP] Check Pods Manifest.lock */ = {
			isa = PBXShellScriptBuildPhase;
			buildActionMask = 2147483647;
			files = (
			);
			inputPaths = (
			);
			name = "[CP] Check Pods Manifest.lock";
			outputPaths = (
			);
			runOnlyForDeploymentPostprocessing = 0;
			shellPath = /bin/sh;
			shellScript = "diff \"${PODS_PODFILE_DIR_PATH}/Podfile.lock\" \"${PODS_ROOT}/Manifest.lock\" > /dev/null\nif [ $? != 0 ] ; then\n    # print error to STDERR\n    echo \"error: The sandbox is not in sync with the Podfile.lock. Run 'pod install' or update your CocoaPods installation.\" >&2\n    exit 1\nfi\n";
			showEnvVarsInLog = 0;
		};
/* End PBXShellScriptBuildPhase section */

/* Begin PBXSourcesBuildPhase section */
		0ABAF5281F09686100BAC771 /* Sources */ = {
			isa = PBXSourcesBuildPhase;
			buildActionMask = 2147483647;
			files = (
				0ABAF5661F09695700BAC771 /* Localizator.swift in Sources */,
				0ABAF5641F09695700BAC771 /* AgentSettingsController.swift in Sources */,
				0ABAF5631F09695700BAC771 /* AppDelegate.swift in Sources */,
				0ABAF5651F09695700BAC771 /* GlobalSettingsController.swift in Sources */,
			);
			runOnlyForDeploymentPostprocessing = 0;
		};
		0ABAF53C1F09686100BAC771 /* Sources */ = {
			isa = PBXSourcesBuildPhase;
			buildActionMask = 2147483647;
			files = (
				0ABAF5451F09686100BAC771 /* FlyveMDMInventoryAgentTests.swift in Sources */,
			);
			runOnlyForDeploymentPostprocessing = 0;
		};
		0ABAF5471F09686100BAC771 /* Sources */ = {
			isa = PBXSourcesBuildPhase;
			buildActionMask = 2147483647;
			files = (
				0ABAF5501F09686100BAC771 /* FlyveMDMInventoryAgentUITests.swift in Sources */,
			);
			runOnlyForDeploymentPostprocessing = 0;
		};
/* End PBXSourcesBuildPhase section */

/* Begin PBXTargetDependency section */
		0ABAF5421F09686100BAC771 /* PBXTargetDependency */ = {
			isa = PBXTargetDependency;
			target = 0ABAF52B1F09686100BAC771 /* FlyveMDMInventoryAgent */;
			targetProxy = 0ABAF5411F09686100BAC771 /* PBXContainerItemProxy */;
		};
		0ABAF54D1F09686100BAC771 /* PBXTargetDependency */ = {
			isa = PBXTargetDependency;
			target = 0ABAF52B1F09686100BAC771 /* FlyveMDMInventoryAgent */;
			targetProxy = 0ABAF54C1F09686100BAC771 /* PBXContainerItemProxy */;
		};
/* End PBXTargetDependency section */

/* Begin XCBuildConfiguration section */
		0ABAF5521F09686100BAC771 /* Debug */ = {
			isa = XCBuildConfiguration;
			buildSettings = {
				ALWAYS_SEARCH_USER_PATHS = NO;
				CLANG_ANALYZER_NONNULL = YES;
				CLANG_ANALYZER_NUMBER_OBJECT_CONVERSION = YES_AGGRESSIVE;
				CLANG_CXX_LANGUAGE_STANDARD = "gnu++0x";
				CLANG_CXX_LIBRARY = "libc++";
				CLANG_ENABLE_MODULES = YES;
				CLANG_ENABLE_OBJC_ARC = YES;
				CLANG_WARN_BOOL_CONVERSION = YES;
				CLANG_WARN_CONSTANT_CONVERSION = YES;
				CLANG_WARN_DIRECT_OBJC_ISA_USAGE = YES_ERROR;
				CLANG_WARN_DOCUMENTATION_COMMENTS = YES;
				CLANG_WARN_EMPTY_BODY = YES;
				CLANG_WARN_ENUM_CONVERSION = YES;
				CLANG_WARN_INFINITE_RECURSION = YES;
				CLANG_WARN_INT_CONVERSION = YES;
				CLANG_WARN_OBJC_ROOT_CLASS = YES_ERROR;
				CLANG_WARN_SUSPICIOUS_MOVE = YES;
				CLANG_WARN_UNREACHABLE_CODE = YES;
				CLANG_WARN__DUPLICATE_METHOD_MATCH = YES;
				"CODE_SIGN_IDENTITY[sdk=iphoneos*]" = "iPhone Developer";
				COPY_PHASE_STRIP = NO;
				DEBUG_INFORMATION_FORMAT = dwarf;
				ENABLE_STRICT_OBJC_MSGSEND = YES;
				ENABLE_TESTABILITY = YES;
				GCC_C_LANGUAGE_STANDARD = gnu99;
				GCC_DYNAMIC_NO_PIC = NO;
				GCC_NO_COMMON_BLOCKS = YES;
				GCC_OPTIMIZATION_LEVEL = 0;
				GCC_PREPROCESSOR_DEFINITIONS = (
					"DEBUG=1",
					"$(inherited)",
				);
				GCC_WARN_64_TO_32_BIT_CONVERSION = YES;
				GCC_WARN_ABOUT_RETURN_TYPE = YES_ERROR;
				GCC_WARN_UNDECLARED_SELECTOR = YES;
				GCC_WARN_UNINITIALIZED_AUTOS = YES_AGGRESSIVE;
				GCC_WARN_UNUSED_FUNCTION = YES;
				GCC_WARN_UNUSED_VARIABLE = YES;
				IPHONEOS_DEPLOYMENT_TARGET = 10.3;
				MTL_ENABLE_DEBUG_INFO = YES;
				ONLY_ACTIVE_ARCH = YES;
				SDKROOT = iphoneos;
				SWIFT_ACTIVE_COMPILATION_CONDITIONS = DEBUG;
				SWIFT_OPTIMIZATION_LEVEL = "-Onone";
			};
			name = Debug;
		};
		0ABAF5531F09686100BAC771 /* Release */ = {
			isa = XCBuildConfiguration;
			buildSettings = {
				ALWAYS_SEARCH_USER_PATHS = NO;
				CLANG_ANALYZER_NONNULL = YES;
				CLANG_ANALYZER_NUMBER_OBJECT_CONVERSION = YES_AGGRESSIVE;
				CLANG_CXX_LANGUAGE_STANDARD = "gnu++0x";
				CLANG_CXX_LIBRARY = "libc++";
				CLANG_ENABLE_MODULES = YES;
				CLANG_ENABLE_OBJC_ARC = YES;
				CLANG_WARN_BOOL_CONVERSION = YES;
				CLANG_WARN_CONSTANT_CONVERSION = YES;
				CLANG_WARN_DIRECT_OBJC_ISA_USAGE = YES_ERROR;
				CLANG_WARN_DOCUMENTATION_COMMENTS = YES;
				CLANG_WARN_EMPTY_BODY = YES;
				CLANG_WARN_ENUM_CONVERSION = YES;
				CLANG_WARN_INFINITE_RECURSION = YES;
				CLANG_WARN_INT_CONVERSION = YES;
				CLANG_WARN_OBJC_ROOT_CLASS = YES_ERROR;
				CLANG_WARN_SUSPICIOUS_MOVE = YES;
				CLANG_WARN_UNREACHABLE_CODE = YES;
				CLANG_WARN__DUPLICATE_METHOD_MATCH = YES;
				"CODE_SIGN_IDENTITY[sdk=iphoneos*]" = "iPhone Developer";
				COPY_PHASE_STRIP = NO;
				DEBUG_INFORMATION_FORMAT = "dwarf-with-dsym";
				ENABLE_NS_ASSERTIONS = NO;
				ENABLE_STRICT_OBJC_MSGSEND = YES;
				GCC_C_LANGUAGE_STANDARD = gnu99;
				GCC_NO_COMMON_BLOCKS = YES;
				GCC_WARN_64_TO_32_BIT_CONVERSION = YES;
				GCC_WARN_ABOUT_RETURN_TYPE = YES_ERROR;
				GCC_WARN_UNDECLARED_SELECTOR = YES;
				GCC_WARN_UNINITIALIZED_AUTOS = YES_AGGRESSIVE;
				GCC_WARN_UNUSED_FUNCTION = YES;
				GCC_WARN_UNUSED_VARIABLE = YES;
				IPHONEOS_DEPLOYMENT_TARGET = 10.3;
				MTL_ENABLE_DEBUG_INFO = NO;
				SDKROOT = iphoneos;
				SWIFT_OPTIMIZATION_LEVEL = "-Owholemodule";
				VALIDATE_PRODUCT = YES;
			};
			name = Release;
		};
		0ABAF5551F09686100BAC771 /* Debug */ = {
			isa = XCBuildConfiguration;
			baseConfigurationReference = 77A04FDAE4D7E767A3847942 /* Pods-FlyveMDMInventoryAgent.debug.xcconfig */;
			buildSettings = {
				ASSETCATALOG_COMPILER_APPICON_NAME = AppIcon;
				ASSETCATALOG_COMPILER_LAUNCHIMAGE_NAME = LaunchImage;
				CLANG_ENABLE_MODULES = YES;
				CODE_SIGN_IDENTITY = "iPhone Developer";
				"CODE_SIGN_IDENTITY[sdk=iphoneos*]" = "iPhone Developer";
				DEVELOPMENT_TEAM = "";
				INFOPLIST_FILE = FlyveMDMInventoryAgent/Info.plist;
				LD_RUNPATH_SEARCH_PATHS = "$(inherited) @executable_path/Frameworks";
				PRODUCT_BUNDLE_IDENTIFIER = org.flyve.inventory.agent.example;
				PRODUCT_NAME = "$(TARGET_NAME)";
				PROVISIONING_PROFILE = "";
				PROVISIONING_PROFILE_SPECIFIER = "";
				SWIFT_OBJC_BRIDGING_HEADER = "FlyveMDMInventoryAgent/FlyveMDMInventoryAgent-Bridging-Header.h";
				SWIFT_OPTIMIZATION_LEVEL = "-Onone";
				SWIFT_VERSION = 3.0;
			};
			name = Debug;
		};
		0ABAF5561F09686100BAC771 /* Release */ = {
			isa = XCBuildConfiguration;
			baseConfigurationReference = 14B53793360C5C83EBDB3152 /* Pods-FlyveMDMInventoryAgent.release.xcconfig */;
			buildSettings = {
				ASSETCATALOG_COMPILER_APPICON_NAME = AppIcon;
				ASSETCATALOG_COMPILER_LAUNCHIMAGE_NAME = LaunchImage;
				CLANG_ENABLE_MODULES = YES;
				CODE_SIGN_IDENTITY = "iPhone Developer";
				"CODE_SIGN_IDENTITY[sdk=iphoneos*]" = "iPhone Developer";
				DEVELOPMENT_TEAM = "";
				INFOPLIST_FILE = FlyveMDMInventoryAgent/Info.plist;
				LD_RUNPATH_SEARCH_PATHS = "$(inherited) @executable_path/Frameworks";
				PRODUCT_BUNDLE_IDENTIFIER = org.flyve.inventory.agent.example;
				PRODUCT_NAME = "$(TARGET_NAME)";
				PROVISIONING_PROFILE = "";
				PROVISIONING_PROFILE_SPECIFIER = "";
				SWIFT_OBJC_BRIDGING_HEADER = "FlyveMDMInventoryAgent/FlyveMDMInventoryAgent-Bridging-Header.h";
				SWIFT_VERSION = 3.0;
			};
			name = Release;
		};
		0ABAF5581F09686100BAC771 /* Debug */ = {
			isa = XCBuildConfiguration;
			baseConfigurationReference = B5849FB3A1DBF878AC57838D /* Pods-FlyveMDMInventoryAgentTests.debug.xcconfig */;
			buildSettings = {
				ALWAYS_EMBED_SWIFT_STANDARD_LIBRARIES = YES;
				BUNDLE_LOADER = "$(TEST_HOST)";
				DEVELOPMENT_TEAM = G3UM9C856M;
				INFOPLIST_FILE = FlyveMDMInventoryAgentTests/Info.plist;
				LD_RUNPATH_SEARCH_PATHS = "$(inherited) @executable_path/Frameworks @loader_path/Frameworks";
				PRODUCT_BUNDLE_IDENTIFIER = com.teclib.FlyveMDMInventoryAgentTests;
				PRODUCT_NAME = "$(TARGET_NAME)";
				SWIFT_VERSION = 3.0;
				TEST_HOST = "$(BUILT_PRODUCTS_DIR)/FlyveMDMInventoryAgent.app/FlyveMDMInventoryAgent";
			};
			name = Debug;
		};
		0ABAF5591F09686100BAC771 /* Release */ = {
			isa = XCBuildConfiguration;
			baseConfigurationReference = E0660E367A7865AC3EF45E72 /* Pods-FlyveMDMInventoryAgentTests.release.xcconfig */;
			buildSettings = {
				ALWAYS_EMBED_SWIFT_STANDARD_LIBRARIES = YES;
				BUNDLE_LOADER = "$(TEST_HOST)";
				DEVELOPMENT_TEAM = G3UM9C856M;
				INFOPLIST_FILE = FlyveMDMInventoryAgentTests/Info.plist;
				LD_RUNPATH_SEARCH_PATHS = "$(inherited) @executable_path/Frameworks @loader_path/Frameworks";
				PRODUCT_BUNDLE_IDENTIFIER = com.teclib.FlyveMDMInventoryAgentTests;
				PRODUCT_NAME = "$(TARGET_NAME)";
				SWIFT_VERSION = 3.0;
				TEST_HOST = "$(BUILT_PRODUCTS_DIR)/FlyveMDMInventoryAgent.app/FlyveMDMInventoryAgent";
			};
			name = Release;
		};
		0ABAF55B1F09686100BAC771 /* Debug */ = {
			isa = XCBuildConfiguration;
			baseConfigurationReference = DA145F40E0301CC0BD1C76CB /* Pods-FlyveMDMInventoryAgentUITests.debug.xcconfig */;
			buildSettings = {
				ALWAYS_EMBED_SWIFT_STANDARD_LIBRARIES = YES;
				DEVELOPMENT_TEAM = G3UM9C856M;
				INFOPLIST_FILE = FlyveMDMInventoryAgentUITests/Info.plist;
				LD_RUNPATH_SEARCH_PATHS = "$(inherited) @executable_path/Frameworks @loader_path/Frameworks";
				PRODUCT_BUNDLE_IDENTIFIER = com.teclib.FlyveMDMInventoryAgentUITests;
				PRODUCT_NAME = "$(TARGET_NAME)";
				SWIFT_VERSION = 3.0;
				TEST_TARGET_NAME = FlyveMDMInventoryAgent;
			};
			name = Debug;
		};
		0ABAF55C1F09686100BAC771 /* Release */ = {
			isa = XCBuildConfiguration;
			baseConfigurationReference = 9B309CFB5762D491558F11D0 /* Pods-FlyveMDMInventoryAgentUITests.release.xcconfig */;
			buildSettings = {
				ALWAYS_EMBED_SWIFT_STANDARD_LIBRARIES = YES;
				DEVELOPMENT_TEAM = G3UM9C856M;
				INFOPLIST_FILE = FlyveMDMInventoryAgentUITests/Info.plist;
				LD_RUNPATH_SEARCH_PATHS = "$(inherited) @executable_path/Frameworks @loader_path/Frameworks";
				PRODUCT_BUNDLE_IDENTIFIER = com.teclib.FlyveMDMInventoryAgentUITests;
				PRODUCT_NAME = "$(TARGET_NAME)";
				SWIFT_VERSION = 3.0;
				TEST_TARGET_NAME = FlyveMDMInventoryAgent;
			};
			name = Release;
		};
/* End XCBuildConfiguration section */

/* Begin XCConfigurationList section */
		0ABAF5271F09686100BAC771 /* Build configuration list for PBXProject "FlyveMDMInventoryAgent" */ = {
			isa = XCConfigurationList;
			buildConfigurations = (
				0ABAF5521F09686100BAC771 /* Debug */,
				0ABAF5531F09686100BAC771 /* Release */,
			);
			defaultConfigurationIsVisible = 0;
			defaultConfigurationName = Release;
		};
		0ABAF5541F09686100BAC771 /* Build configuration list for PBXNativeTarget "FlyveMDMInventoryAgent" */ = {
			isa = XCConfigurationList;
			buildConfigurations = (
				0ABAF5551F09686100BAC771 /* Debug */,
				0ABAF5561F09686100BAC771 /* Release */,
			);
			defaultConfigurationIsVisible = 0;
			defaultConfigurationName = Release;
		};
		0ABAF5571F09686100BAC771 /* Build configuration list for PBXNativeTarget "FlyveMDMInventoryAgentTests" */ = {
			isa = XCConfigurationList;
			buildConfigurations = (
				0ABAF5581F09686100BAC771 /* Debug */,
				0ABAF5591F09686100BAC771 /* Release */,
			);
			defaultConfigurationIsVisible = 0;
			defaultConfigurationName = Release;
		};
		0ABAF55A1F09686100BAC771 /* Build configuration list for PBXNativeTarget "FlyveMDMInventoryAgentUITests" */ = {
			isa = XCConfigurationList;
			buildConfigurations = (
				0ABAF55B1F09686100BAC771 /* Debug */,
				0ABAF55C1F09686100BAC771 /* Release */,
			);
			defaultConfigurationIsVisible = 0;
			defaultConfigurationName = Release;
		};
/* End XCConfigurationList section */
	};
	rootObject = 0ABAF5241F09686100BAC771 /* Project object */;
}
